
Microsoft Visual Studio Solution File, Format Version 12.00
# Visual Studio 15
VisualStudioVersion = 15.0.27703.2042
MinimumVisualStudioVersion = 10.0.40219.1
Project("{FAE04EC0-301F-11D3-BF4B-00C04F79EFBC}") = "ServiceNow", "ServiceNow\ServiceNow.csproj", "{01447F13-2077-406E-BCC0-327C53230ADB}"
EndProject
Global
	GlobalSection(SolutionConfigurationPlatforms) = preSolution
		Debug|Any CPU = Debug|Any CPU
		Release|Any CPU = Release|Any CPU
	EndGlobalSection
	GlobalSection(ProjectConfigurationPlatforms) = postSolution
		{01447F13-2077-406E-BCC0-327C53230ADB}.Debug|Any CPU.ActiveCfg = Debug|Any CPU
		{01447F13-2077-406E-BCC0-327C53230ADB}.Debug|Any CPU.Build.0 = Debug|Any CPU
		{01447F13-2077-406E-BCC0-327C53230ADB}.Release|Any CPU.ActiveCfg = Release|Any CPU
		{01447F13-2077-406E-BCC0-327C53230ADB}.Release|Any CPU.Build.0 = Release|Any CPU
	EndGlobalSection
	GlobalSection(SolutionProperties) = preSolution
		HideSolutionNode = FALSE
	EndGlobalSection
	GlobalSection(ExtensibilityGlobals) = postSolution
		SolutionGuid = {CF42FCEE-1384-42D5-ACB6-F6C307B74284}
	EndGlobalSection
EndGlobal
